{
  "name": "openzepplin-example",
  "version": "0.0.1",
  "lockfileVersion": 1,
  "requires": true,
  "dependencies": {
    "@openzeppelin/contracts": {
      "version": "3.2.0",
      "resolved": "https://registry.npmjs.org/@openzeppelin/contracts/-/contracts-3.2.0.tgz",
      "integrity": "sha512-bUOmkSoPkjnUyMiKo6RYnb0VHBk5D9KKDAgNLzF41aqAM3TeE0yGdFF5dVRcV60pZdJLlyFT/jjXIZCWyyEzAQ=="
    },
    "@openzeppelin/contracts-ethereum-package": {
      "version": "3.0.0",
      "resolved": "https://registry.npmjs.org/@openzeppelin/contracts-ethereum-package/-/contracts-ethereum-package-3.0.0.tgz",
      "integrity": "sha512-Xg33RtX7FGbSK/YnroLhcGNAvH30/C84NRW8KvbSdXXYiLA8YqM1bOA9sAeLjmQxXqYUn/YL4AUVTgDnG51NOw=="
    }
  }
}
